
Microsoft Visual Studio Solution File, Format Version 12.00
# Visual Studio 15
VisualStudioVersion = 15.0.28010.2048
MinimumVisualStudioVersion = 10.0.40219.1
Project("{8BC9CEB8-8B4A-11D0-8D11-00A0C91BC942}") = "DLL", "DLL\DLL.vcxproj", "{A47946A9-8EB4-4F21-BD8D-E877181E4417}"
EndProject
Project("{FAE04EC0-301F-11D3-BF4B-00C04F79EFBC}") = "Core", "Core\Core.csproj", "{DD92300E-5AE7-44B2-A857-4DA82B9093DD}"
EndProject
Project("{8BC9CEB8-8B4A-11D0-8D11-00A0C91BC942}") = "SharedMemoryLib", "SharedMemoryLib\SharedMemoryLib.vcxproj", "{25EF6DE1-0480-4D10-9714-AA81015173DD}"
EndProject
Project("{8BC9CEB8-8B4A-11D0-8D11-00A0C91BC942}") = "MinHookLib", "MinHookLib\MinHookLib.vcxproj", "{17B704B7-D963-47E0-B7F5-6B270C142BFC}"
EndProject
Global
	GlobalSection(SolutionConfigurationPlatforms) = preSolution
		Debug|Any CPU = Debug|Any CPU
		Debug|x64 = Debug|x64
		Debug|x86 = Debug|x86
		Release|Any CPU = Release|Any CPU
		Release|x64 = Release|x64
		Release|x86 = Release|x86
	EndGlobalSection
	GlobalSection(ProjectConfigurationPlatforms) = postSolution
		{A47946A9-8EB4-4F21-BD8D-E877181E4417}.Debug|Any CPU.ActiveCfg = Debug|Win32
		{A47946A9-8EB4-4F21-BD8D-E877181E4417}.Debug|x64.ActiveCfg = Debug|x64
		{A47946A9-8EB4-4F21-BD8D-E877181E4417}.Debug|x64.Build.0 = Debug|x64
		{A47946A9-8EB4-4F21-BD8D-E877181E4417}.Debug|x86.ActiveCfg = Debug|Win32
		{A47946A9-8EB4-4F21-BD8D-E877181E4417}.Debug|x86.Build.0 = Debug|Win32
		{A47946A9-8EB4-4F21-BD8D-E877181E4417}.Release|Any CPU.ActiveCfg = Release|Win32
		{A47946A9-8EB4-4F21-BD8D-E877181E4417}.Release|x64.ActiveCfg = Release|x64
		{A47946A9-8EB4-4F21-BD8D-E877181E4417}.Release|x64.Build.0 = Release|x64
		{A47946A9-8EB4-4F21-BD8D-E877181E4417}.Release|x86.ActiveCfg = Release|Win32
		{A47946A9-8EB4-4F21-BD8D-E877181E4417}.Release|x86.Build.0 = Release|Win32
		{DD92300E-5AE7-44B2-A857-4DA82B9093DD}.Debug|Any CPU.ActiveCfg = Debug|Any CPU
		{DD92300E-5AE7-44B2-A857-4DA82B9093DD}.Debug|Any CPU.Build.0 = Debug|Any CPU
		{DD92300E-5AE7-44B2-A857-4DA82B9093DD}.Debug|x64.ActiveCfg = Debug|Any CPU
		{DD92300E-5AE7-44B2-A857-4DA82B9093DD}.Debug|x64.Build.0 = Debug|Any CPU
		{DD92300E-5AE7-44B2-A857-4DA82B9093DD}.Debug|x86.ActiveCfg = Debug|Any CPU
		{DD92300E-5AE7-44B2-A857-4DA82B9093DD}.Debug|x86.Build.0 = Debug|Any CPU
		{DD92300E-5AE7-44B2-A857-4DA82B9093DD}.Release|Any CPU.ActiveCfg = Release|Any CPU
		{DD92300E-5AE7-44B2-A857-4DA82B9093DD}.Release|Any CPU.Build.0 = Release|Any CPU
		{DD92300E-5AE7-44B2-A857-4DA82B9093DD}.Release|x64.ActiveCfg = Release|Any CPU
		{DD92300E-5AE7-44B2-A857-4DA82B9093DD}.Release|x64.Build.0 = Release|Any CPU
		{DD92300E-5AE7-44B2-A857-4DA82B9093DD}.Release|x86.ActiveCfg = Release|Any CPU
		{DD92300E-5AE7-44B2-A857-4DA82B9093DD}.Release|x86.Build.0 = Release|Any CPU
		{25EF6DE1-0480-4D10-9714-AA81015173DD}.Debug|Any CPU.ActiveCfg = Debug|Win32
		{25EF6DE1-0480-4D10-9714-AA81015173DD}.Debug|x64.ActiveCfg = Debug|x64
		{25EF6DE1-0480-4D10-9714-AA81015173DD}.Debug|x64.Build.0 = Debug|x64
		{25EF6DE1-0480-4D10-9714-AA81015173DD}.Debug|x86.ActiveCfg = Debug|Win32
		{25EF6DE1-0480-4D10-9714-AA81015173DD}.Debug|x86.Build.0 = Debug|Win32
		{25EF6DE1-0480-4D10-9714-AA81015173DD}.Release|Any CPU.ActiveCfg = Release|Win32
		{25EF6DE1-0480-4D10-9714-AA81015173DD}.Release|x64.ActiveCfg = Release|x64
		{25EF6DE1-0480-4D10-9714-AA81015173DD}.Release|x64.Build.0 = Release|x64
		{25EF6DE1-0480-4D10-9714-AA81015173DD}.Release|x86.ActiveCfg = Release|Win32
		{25EF6DE1-0480-4D10-9714-AA81015173DD}.Release|x86.Build.0 = Release|Win32
		{17B704B7-D963-47E0-B7F5-6B270C142BFC}.Debug|Any CPU.ActiveCfg = Debug|Win32
		{17B704B7-D963-47E0-B7F5-6B270C142BFC}.Debug|x64.ActiveCfg = Debug|x64
		{17B704B7-D963-47E0-B7F5-6B270C142BFC}.Debug|x64.Build.0 = Debug|x64
		{17B704B7-D963-47E0-B7F5-6B270C142BFC}.Debug|x86.ActiveCfg = Debug|Win32
		{17B704B7-D963-47E0-B7F5-6B270C142BFC}.Debug|x86.Build.0 = Debug|Win32
		{17B704B7-D963-47E0-B7F5-6B270C142BFC}.Release|Any CPU.ActiveCfg = Release|Win32
		{17B704B7-D963-47E0-B7F5-6B270C142BFC}.Release|x64.ActiveCfg = Release|x64
		{17B704B7-D963-47E0-B7F5-6B270C142BFC}.Release|x64.Build.0 = Release|x64
		{17B704B7-D963-47E0-B7F5-6B270C142BFC}.Release|x86.ActiveCfg = Release|Win32
		{17B704B7-D963-47E0-B7F5-6B270C142BFC}.Release|x86.Build.0 = Release|Win32
	EndGlobalSection
	GlobalSection(SolutionProperties) = preSolution
		HideSolutionNode = FALSE
	EndGlobalSection
	GlobalSection(ExtensibilityGlobals) = postSolution
		SolutionGuid = {6BDF7B0C-4CAA-437D-ACAA-15BD62D5E6D8}
	EndGlobalSection
EndGlobal
