
Microsoft Visual Studio Solution File, Format Version 12.00
# Visual Studio 15
VisualStudioVersion = 15.0.28010.2048
MinimumVisualStudioVersion = 10.0.40219.1
Project("{8BC9CEB8-8B4A-11D0-8D11-00A0C91BC942}") = "DLL", "DLL\DLL.vcxproj", "{A47946A9-8EB4-4F21-BD8D-E877181E4417}"
EndProject
Global
	GlobalSection(SolutionConfigurationPlatforms) = preSolution
		Debug|x64 = Debug|x64
		Debug|x86 = Debug|x86
		Release|x64 = Release|x64
		Release|x86 = Release|x86
	EndGlobalSection
	GlobalSection(ProjectConfigurationPlatforms) = postSolution
		{A47946A9-8EB4-4F21-BD8D-E877181E4417}.Debug|x64.ActiveCfg = Debug|x64
		{A47946A9-8EB4-4F21-BD8D-E877181E4417}.Debug|x64.Build.0 = Debug|x64
		{A47946A9-8EB4-4F21-BD8D-E877181E4417}.Debug|x86.ActiveCfg = Debug|Win32
		{A47946A9-8EB4-4F21-BD8D-E877181E4417}.Debug|x86.Build.0 = Debug|Win32
		{A47946A9-8EB4-4F21-BD8D-E877181E4417}.Release|x64.ActiveCfg = Release|x64
		{A47946A9-8EB4-4F21-BD8D-E877181E4417}.Release|x64.Build.0 = Release|x64
		{A47946A9-8EB4-4F21-BD8D-E877181E4417}.Release|x86.ActiveCfg = Release|Win32
		{A47946A9-8EB4-4F21-BD8D-E877181E4417}.Release|x86.Build.0 = Release|Win32
	EndGlobalSection
	GlobalSection(SolutionProperties) = preSolution
		HideSolutionNode = FALSE
	EndGlobalSection
	GlobalSection(ExtensibilityGlobals) = postSolution
		SolutionGuid = {6BDF7B0C-4CAA-437D-ACAA-15BD62D5E6D8}
	EndGlobalSection
EndGlobal
