<?xml version="1.0" encoding="utf-8"?>
<Project ToolsVersion="4.0" xmlns="http://schemas.microsoft.com/developer/msbuild/2003">
  <ItemGroup>
    <Filter Include="Source Files">
      <UniqueIdentifier>{4FC737F1-C7A5-4376-A066-2A32D752A2FF}</UniqueIdentifier>
      <Extensions>cpp;c;cc;cxx;def;odl;idl;hpj;bat;asm;asmx</Extensions>
    </Filter>
    <Filter Include="Header Files">
      <UniqueIdentifier>{93995380-89BD-4b04-88EB-625FBE52EBFB}</UniqueIdentifier>
      <Extensions>h;hh;hpp;hxx;hm;inl;inc;ipp;xsd</Extensions>
    </Filter>
    <Filter Include="Resource Files">
      <UniqueIdentifier>{67DA6AB6-F800-4c08-8B7A-83BB121AAD01}</UniqueIdentifier>
      <Extensions>rc;ico;cur;bmp;dlg;rc2;rct;bin;rgs;gif;jpg;jpeg;jpe;resx;tiff;tif;png;wav;mfcribbon-ms</Extensions>
    </Filter>
    <Filter Include="Header Files\SharedMemory">
      <UniqueIdentifier>{f12b0859-086b-4fc8-bc75-66ff42afd6de}</UniqueIdentifier>
    </Filter>
    <Filter Include="Source Files\SharedMemory">
      <UniqueIdentifier>{bb923931-4635-4273-a7a5-5209202515bf}</UniqueIdentifier>
    </Filter>
    <Filter Include="Header Files\Util">
      <UniqueIdentifier>{50dc0bcd-c381-4536-b65c-e7d844103c5c}</UniqueIdentifier>
    </Filter>
    <Filter Include="Source Files\Util">
      <UniqueIdentifier>{a3ae8a8d-cd03-407f-b4e0-5e9bc7fa678d}</UniqueIdentifier>
    </Filter>
  </ItemGroup>
  <ItemGroup>
    <ClInclude Include="stdafx.h">
      <Filter>Header Files</Filter>
    </ClInclude>
    <ClInclude Include="targetver.h">
      <Filter>Header Files</Filter>
    </ClInclude>
    <ClInclude Include="SharedMemory\EnvChange.h">
      <Filter>Header Files\SharedMemory</Filter>
    </ClInclude>
    <ClInclude Include="SharedMemory\IEnvChange.hpp">
      <Filter>Header Files\SharedMemory</Filter>
    </ClInclude>
    <ClInclude Include="SharedMemory\MemData.h">
      <Filter>Header Files\SharedMemory</Filter>
    </ClInclude>
    <ClInclude Include="SharedMemory\MemDataExtension.h">
      <Filter>Header Files\SharedMemory</Filter>
    </ClInclude>
    <ClInclude Include="SharedMemory\MemDataTooLargeException.hpp">
      <Filter>Header Files\SharedMemory</Filter>
    </ClInclude>
    <ClInclude Include="SharedMemory\SharedMemoryClientManager.h">
      <Filter>Header Files\SharedMemory</Filter>
    </ClInclude>
    <ClInclude Include="SharedMemory\SharedMemoryClientManagerException.hpp">
      <Filter>Header Files\SharedMemory</Filter>
    </ClInclude>
    <ClInclude Include="SharedMemory\SharedMemoryException.hpp">
      <Filter>Header Files\SharedMemory</Filter>
    </ClInclude>
    <ClInclude Include="SharedMemory\SharedMemoryObject.h">
      <Filter>Header Files\SharedMemory</Filter>
    </ClInclude>
    <ClInclude Include="SharedMemory\SharedMemoryObjectCreateException.hpp">
      <Filter>Header Files\SharedMemory</Filter>
    </ClInclude>
    <ClInclude Include="SharedMemory\SharedMemoryObjectException.hpp">
      <Filter>Header Files\SharedMemory</Filter>
    </ClInclude>
    <ClInclude Include="SharedMemory\SharedMemoryServerManager.h">
      <Filter>Header Files\SharedMemory</Filter>
    </ClInclude>
    <ClInclude Include="SharedMemory\SharedMemoryServerManagerException.hpp">
      <Filter>Header Files\SharedMemory</Filter>
    </ClInclude>
    <ClInclude Include="IProcessEnvironment.hpp">
      <Filter>Header Files</Filter>
    </ClInclude>
    <ClInclude Include="Util\StringHelper.h">
      <Filter>Header Files\Util</Filter>
    </ClInclude>
  </ItemGroup>
  <ItemGroup>
    <ClCompile Include="stdafx.cpp">
      <Filter>Source Files</Filter>
    </ClCompile>
    <ClCompile Include="SharedMemory\EnvChange.cpp">
      <Filter>Source Files\SharedMemory</Filter>
    </ClCompile>
    <ClCompile Include="SharedMemory\MemData.cpp">
      <Filter>Source Files\SharedMemory</Filter>
    </ClCompile>
    <ClCompile Include="SharedMemory\MemDataExtension.cpp">
      <Filter>Source Files\SharedMemory</Filter>
    </ClCompile>
    <ClCompile Include="SharedMemory\SharedMemoryClientManager.cpp">
      <Filter>Source Files\SharedMemory</Filter>
    </ClCompile>
    <ClCompile Include="SharedMemory\SharedMemoryObject.cpp">
      <Filter>Source Files\SharedMemory</Filter>
    </ClCompile>
    <ClCompile Include="SharedMemory\SharedMemoryServerManager.cpp">
      <Filter>Source Files\SharedMemory</Filter>
    </ClCompile>
    <ClCompile Include="Util\StringHelper.cpp">
      <Filter>Source Files\Util</Filter>
    </ClCompile>
  </ItemGroup>
</Project>